// !$*UTF8*$!
{
	archiveVersion = 1;
	classes = {
	};
	objectVersion = 46;
	objects = {

/* Begin PBXBuildFile section */
		293A64FD1C8B2CF800F9A96D /* FXDeallocMonitor.m in Sources */ = {isa = PBXBuildFile; fileRef = 293A64F51C8B2CF800F9A96D /* FXDeallocMonitor.m */; };
		293A64FE1C8B2CF800F9A96D /* FXTabBar.m in Sources */ = {isa = PBXBuildFile; fileRef = 293A64F71C8B2CF800F9A96D /* FXTabBar.m */; };
		293A64FF1C8B2CF800F9A96D /* FXTabBarItem.m in Sources */ = {isa = PBXBuildFile; fileRef = 293A64FA1C8B2CF800F9A96D /* FXTabBarItem.m */; };
		293A65001C8B2CF800F9A96D /* UITabBarController+FXCustomTabBar.m in Sources */ = {isa = PBXBuildFile; fileRef = 293A64FC1C8B2CF800F9A96D /* UITabBarController+FXCustomTabBar.m */; };
		294540D31C8AB412004E76C0 /* Launch Screen.xib in Resources */ = {isa = PBXBuildFile; fileRef = 294540D21C8AB412004E76C0 /* Launch Screen.xib */; };
		297F01E31C85F7080019B4E4 /* main.m in Sources */ = {isa = PBXBuildFile; fileRef = 297F01E21C85F7080019B4E4 /* main.m */; };
		297F01E61C85F7080019B4E4 /* AppDelegate.m in Sources */ = {isa = PBXBuildFile; fileRef = 297F01E51C85F7080019B4E4 /* AppDelegate.m */; };
		297F01E91C85F7080019B4E4 /* HomeVC.m in Sources */ = {isa = PBXBuildFile; fileRef = 297F01E81C85F7080019B4E4 /* HomeVC.m */; };
		297F01EC1C85F7080019B4E4 /* Main.storyboard in Resources */ = {isa = PBXBuildFile; fileRef = 297F01EA1C85F7080019B4E4 /* Main.storyboard */; };
		297F01EE1C85F7080019B4E4 /* Assets.xcassets in Resources */ = {isa = PBXBuildFile; fileRef = 297F01ED1C85F7080019B4E4 /* Assets.xcassets */; };
		29935C6E1C87486200DBD185 /* SettingVC.m in Sources */ = {isa = PBXBuildFile; fileRef = 29935C6D1C87486200DBD185 /* SettingVC.m */; };
		29A0FDE91C87304C00C64A05 /* HomeVM.m in Sources */ = {isa = PBXBuildFile; fileRef = 29A0FDE81C87304C00C64A05 /* HomeVM.m */; };
		29E4472F1C8B063A001ECA5D /* NSObject+FXAlertView.m in Sources */ = {isa = PBXBuildFile; fileRef = 29E4472E1C8B063A001ECA5D /* NSObject+FXAlertView.m */; };
/* End PBXBuildFile section */

/* Begin PBXFileReference section */
		293A64F41C8B2CF800F9A96D /* FXDeallocMonitor.h */ = {isa = PBXFileReference; fileEncoding = 4; lastKnownFileType = sourcecode.c.h; path = FXDeallocMonitor.h; sourceTree = "<group>"; };
		293A64F51C8B2CF800F9A96D /* FXDeallocMonitor.m */ = {isa = PBXFileReference; fileEncoding = 4; lastKnownFileType = sourcecode.c.objc; path = FXDeallocMonitor.m; sourceTree = "<group>"; };
		293A64F61C8B2CF800F9A96D /* FXTabBar.h */ = {isa = PBXFileReference; fileEncoding = 4; lastKnownFileType = sourcecode.c.h; path = FXTabBar.h; sourceTree = "<group>"; };
		293A64F71C8B2CF800F9A96D /* FXTabBar.m */ = {isa = PBXFileReference; fileEncoding = 4; lastKnownFileType = sourcecode.c.objc; path = FXTabBar.m; sourceTree = "<group>"; };
		293A64F81C8B2CF800F9A96D /* FXTabBarAppearanceConfigs.h */ = {isa = PBXFileReference; fileEncoding = 4; lastKnownFileType = sourcecode.c.h; path = FXTabBarAppearanceConfigs.h; sourceTree = "<group>"; };
		293A64F91C8B2CF800F9A96D /* FXTabBarItem.h */ = {isa = PBXFileReference; fileEncoding = 4; lastKnownFileType = sourcecode.c.h; path = FXTabBarItem.h; sourceTree = "<group>"; };
		293A64FA1C8B2CF800F9A96D /* FXTabBarItem.m */ = {isa = PBXFileReference; fileEncoding = 4; lastKnownFileType = sourcecode.c.objc; path = FXTabBarItem.m; sourceTree = "<group>"; };
		293A64FB1C8B2CF800F9A96D /* UITabBarController+FXCustomTabBar.h */ = {isa = PBXFileReference; fileEncoding = 4; lastKnownFileType = sourcecode.c.h; path = "UITabBarController+FXCustomTabBar.h"; sourceTree = "<group>"; };
		293A64FC1C8B2CF800F9A96D /* UITabBarController+FXCustomTabBar.m */ = {isa = PBXFileReference; fileEncoding = 4; lastKnownFileType = sourcecode.c.objc; path = "UITabBarController+FXCustomTabBar.m"; sourceTree = "<group>"; };
		294540D21C8AB412004E76C0 /* Launch Screen.xib */ = {isa = PBXFileReference; fileEncoding = 4; lastKnownFileType = file.xib; name = "Launch Screen.xib"; path = "../Launch Screen.xib"; sourceTree = "<group>"; };
		297F01DE1C85F7080019B4E4 /* StoryBoardDemo.app */ = {isa = PBXFileReference; explicitFileType = wrapper.application; includeInIndex = 0; path = StoryBoardDemo.app; sourceTree = BUILT_PRODUCTS_DIR; };
		297F01E21C85F7080019B4E4 /* main.m */ = {isa = PBXFileReference; lastKnownFileType = sourcecode.c.objc; path = main.m; sourceTree = "<group>"; };
		297F01E41C85F7080019B4E4 /* AppDelegate.h */ = {isa = PBXFileReference; lastKnownFileType = sourcecode.c.h; path = AppDelegate.h; sourceTree = "<group>"; };
		297F01E51C85F7080019B4E4 /* AppDelegate.m */ = {isa = PBXFileReference; lastKnownFileType = sourcecode.c.objc; path = AppDelegate.m; sourceTree = "<group>"; };
		297F01E71C85F7080019B4E4 /* HomeVC.h */ = {isa = PBXFileReference; lastKnownFileType = sourcecode.c.h; path = HomeVC.h; sourceTree = "<group>"; };
		297F01E81C85F7080019B4E4 /* HomeVC.m */ = {isa = PBXFileReference; lastKnownFileType = sourcecode.c.objc; path = HomeVC.m; sourceTree = "<group>"; };
		297F01EB1C85F7080019B4E4 /* Base */ = {isa = PBXFileReference; lastKnownFileType = file.storyboard; name = Base; path = Base.lproj/Main.storyboard; sourceTree = "<group>"; };
		297F01ED1C85F7080019B4E4 /* Assets.xcassets */ = {isa = PBXFileReference; lastKnownFileType = folder.assetcatalog; path = Assets.xcassets; sourceTree = "<group>"; };
		297F01F21C85F7080019B4E4 /* Info.plist */ = {isa = PBXFileReference; lastKnownFileType = text.plist.xml; path = Info.plist; sourceTree = "<group>"; };
		29935C6C1C87486200DBD185 /* SettingVC.h */ = {isa = PBXFileReference; fileEncoding = 4; lastKnownFileType = sourcecode.c.h; path = SettingVC.h; sourceTree = "<group>"; };
		29935C6D1C87486200DBD185 /* SettingVC.m */ = {isa = PBXFileReference; fileEncoding = 4; lastKnownFileType = sourcecode.c.objc; path = SettingVC.m; sourceTree = "<group>"; };
		29935C711C874A4E00DBD185 /* DemoPrefixHeader.pch */ = {isa = PBXFileReference; lastKnownFileType = sourcecode.c.h; path = DemoPrefixHeader.pch; sourceTree = "<group>"; };
		29A0FDE71C87304C00C64A05 /* HomeVM.h */ = {isa = PBXFileReference; fileEncoding = 4; lastKnownFileType = sourcecode.c.h; path = HomeVM.h; sourceTree = "<group>"; };
		29A0FDE81C87304C00C64A05 /* HomeVM.m */ = {isa = PBXFileReference; fileEncoding = 4; lastKnownFileType = sourcecode.c.objc; path = HomeVM.m; sourceTree = "<group>"; };
		29E4472D1C8B063A001ECA5D /* NSObject+FXAlertView.h */ = {isa = PBXFileReference; fileEncoding = 4; lastKnownFileType = sourcecode.c.h; path = "NSObject+FXAlertView.h"; sourceTree = "<group>"; };
		29E4472E1C8B063A001ECA5D /* NSObject+FXAlertView.m */ = {isa = PBXFileReference; fileEncoding = 4; lastKnownFileType = sourcecode.c.objc; path = "NSObject+FXAlertView.m"; sourceTree = "<group>"; };
/* End PBXFileReference section */

/* Begin PBXFrameworksBuildPhase section */
		297F01DB1C85F7080019B4E4 /* Frameworks */ = {
			isa = PBXFrameworksBuildPhase;
			buildActionMask = 2147483647;
			files = (
			);
			runOnlyForDeploymentPostprocessing = 0;
		};
/* End PBXFrameworksBuildPhase section */

/* Begin PBXGroup section */
		293A64F21C8B2CDF00F9A96D /* Vendor */ = {
			isa = PBXGroup;
			children = (
				293A64F31C8B2CF800F9A96D /* FXCustomTabBarController */,
			);
			name = Vendor;
			sourceTree = "<group>";
		};
		293A64F31C8B2CF800F9A96D /* FXCustomTabBarController */ = {
			isa = PBXGroup;
			children = (
				293A64F81C8B2CF800F9A96D /* FXTabBarAppearanceConfigs.h */,
				293A64FB1C8B2CF800F9A96D /* UITabBarController+FXCustomTabBar.h */,
				293A64FC1C8B2CF800F9A96D /* UITabBarController+FXCustomTabBar.m */,
				293A64F61C8B2CF800F9A96D /* FXTabBar.h */,
				293A64F71C8B2CF800F9A96D /* FXTabBar.m */,
				293A64F91C8B2CF800F9A96D /* FXTabBarItem.h */,
				293A64FA1C8B2CF800F9A96D /* FXTabBarItem.m */,
				293A64F41C8B2CF800F9A96D /* FXDeallocMonitor.h */,
				293A64F51C8B2CF800F9A96D /* FXDeallocMonitor.m */,
			);
			name = FXCustomTabBarController;
			path = ../../FXCustomTabBarController;
			sourceTree = "<group>";
		};
		293A65011C8B2D0100F9A96D /* Modules */ = {
			isa = PBXGroup;
			children = (
				29935C721C874AA900DBD185 /* HomeModule */,
				29935C731C874AB200DBD185 /* SettingModule */,
			);
			name = Modules;
			sourceTree = "<group>";
		};
		297F01D51C85F7080019B4E4 = {
			isa = PBXGroup;
			children = (
				297F01E01C85F7080019B4E4 /* StoryBoardDemo */,
				297F01DF1C85F7080019B4E4 /* Products */,
			);
			sourceTree = "<group>";
		};
		297F01DF1C85F7080019B4E4 /* Products */ = {
			isa = PBXGroup;
			children = (
				297F01DE1C85F7080019B4E4 /* StoryBoardDemo.app */,
			);
			name = Products;
			sourceTree = "<group>";
		};
		297F01E01C85F7080019B4E4 /* StoryBoardDemo */ = {
			isa = PBXGroup;
			children = (
				293A65011C8B2D0100F9A96D /* Modules */,
				293A64F21C8B2CDF00F9A96D /* Vendor */,
				29E447301C8B0648001ECA5D /* Utils */,
				297F01E41C85F7080019B4E4 /* AppDelegate.h */,
				297F01E51C85F7080019B4E4 /* AppDelegate.m */,
				297F01EA1C85F7080019B4E4 /* Main.storyboard */,
				294540D21C8AB412004E76C0 /* Launch Screen.xib */,
				297F01ED1C85F7080019B4E4 /* Assets.xcassets */,
				297F01F21C85F7080019B4E4 /* Info.plist */,
				29935C711C874A4E00DBD185 /* DemoPrefixHeader.pch */,
				297F01E11C85F7080019B4E4 /* Supporting Files */,
			);
			path = StoryBoardDemo;
			sourceTree = "<group>";
		};
		297F01E11C85F7080019B4E4 /* Supporting Files */ = {
			isa = PBXGroup;
			children = (
				297F01E21C85F7080019B4E4 /* main.m */,
			);
			name = "Supporting Files";
			sourceTree = "<group>";
		};
		29935C721C874AA900DBD185 /* HomeModule */ = {
			isa = PBXGroup;
			children = (
				297F01E71C85F7080019B4E4 /* HomeVC.h */,
				297F01E81C85F7080019B4E4 /* HomeVC.m */,
				29A0FDE71C87304C00C64A05 /* HomeVM.h */,
				29A0FDE81C87304C00C64A05 /* HomeVM.m */,
			);
			name = HomeModule;
			sourceTree = "<group>";
		};
		29935C731C874AB200DBD185 /* SettingModule */ = {
			isa = PBXGroup;
			children = (
				29935C6C1C87486200DBD185 /* SettingVC.h */,
				29935C6D1C87486200DBD185 /* SettingVC.m */,
			);
			name = SettingModule;
			sourceTree = "<group>";
		};
		29E447301C8B0648001ECA5D /* Utils */ = {
			isa = PBXGroup;
			children = (
				29E4472D1C8B063A001ECA5D /* NSObject+FXAlertView.h */,
				29E4472E1C8B063A001ECA5D /* NSObject+FXAlertView.m */,
			);
			name = Utils;
			sourceTree = "<group>";
		};
/* End PBXGroup section */

/* Begin PBXNativeTarget section */
		297F01DD1C85F7080019B4E4 /* StoryBoardDemo */ = {
			isa = PBXNativeTarget;
			buildConfigurationList = 297F01F51C85F7080019B4E4 /* Build configuration list for PBXNativeTarget "StoryBoardDemo" */;
			buildPhases = (
				297F01DA1C85F7080019B4E4 /* Sources */,
				297F01DB1C85F7080019B4E4 /* Frameworks */,
				297F01DC1C85F7080019B4E4 /* Resources */,
			);
			buildRules = (
			);
			dependencies = (
			);
			name = StoryBoardDemo;
			productName = StoryBoardDemo;
			productReference = 297F01DE1C85F7080019B4E4 /* StoryBoardDemo.app */;
			productType = "com.apple.product-type.application";
		};
/* End PBXNativeTarget section */

/* Begin PBXProject section */
		297F01D61C85F7080019B4E4 /* Project object */ = {
			isa = PBXProject;
			attributes = {
				LastUpgradeCheck = 0720;
				ORGANIZATIONNAME = ShawnFoo;
				TargetAttributes = {
					297F01DD1C85F7080019B4E4 = {
						CreatedOnToolsVersion = 7.2.1;
					};
				};
			};
			buildConfigurationList = 297F01D91C85F7080019B4E4 /* Build configuration list for PBXProject "StoryBoardDemo" */;
			compatibilityVersion = "Xcode 3.2";
			developmentRegion = English;
			hasScannedForEncodings = 0;
			knownRegions = (
				en,
				Base,
			);
			mainGroup = 297F01D51C85F7080019B4E4;
			productRefGroup = 297F01DF1C85F7080019B4E4 /* Products */;
			projectDirPath = "";
			projectRoot = "";
			targets = (
				297F01DD1C85F7080019B4E4 /* StoryBoardDemo */,
			);
		};
/* End PBXProject section */

/* Begin PBXResourcesBuildPhase section */
		297F01DC1C85F7080019B4E4 /* Resources */ = {
			isa = PBXResourcesBuildPhase;
			buildActionMask = 2147483647;
			files = (
				297F01EE1C85F7080019B4E4 /* Assets.xcassets in Resources */,
				297F01EC1C85F7080019B4E4 /* Main.storyboard in Resources */,
				294540D31C8AB412004E76C0 /* Launch Screen.xib in Resources */,
			);
			runOnlyForDeploymentPostprocessing = 0;
		};
/* End PBXResourcesBuildPhase section */

/* Begin PBXSourcesBuildPhase section */
		297F01DA1C85F7080019B4E4 /* Sources */ = {
			isa = PBXSourcesBuildPhase;
			buildActionMask = 2147483647;
			files = (
				293A64FD1C8B2CF800F9A96D /* FXDeallocMonitor.m in Sources */,
				293A64FF1C8B2CF800F9A96D /* FXTabBarItem.m in Sources */,
				29A0FDE91C87304C00C64A05 /* HomeVM.m in Sources */,
				297F01E91C85F7080019B4E4 /* HomeVC.m in Sources */,
				293A65001C8B2CF800F9A96D /* UITabBarController+FXCustomTabBar.m in Sources */,
				297F01E61C85F7080019B4E4 /* AppDelegate.m in Sources */,
				29935C6E1C87486200DBD185 /* SettingVC.m in Sources */,
				297F01E31C85F7080019B4E4 /* main.m in Sources */,
				29E4472F1C8B063A001ECA5D /* NSObject+FXAlertView.m in Sources */,
				293A64FE1C8B2CF800F9A96D /* FXTabBar.m in Sources */,
			);
			runOnlyForDeploymentPostprocessing = 0;
		};
/* End PBXSourcesBuildPhase section */

/* Begin PBXVariantGroup section */
		297F01EA1C85F7080019B4E4 /* Main.storyboard */ = {
			isa = PBXVariantGroup;
			children = (
				297F01EB1C85F7080019B4E4 /* Base */,
			);
			name = Main.storyboard;
			sourceTree = "<group>";
		};
/* End PBXVariantGroup section */

/* Begin XCBuildConfiguration section */
		297F01F31C85F7080019B4E4 /* Debug */ = {
			isa = XCBuildConfiguration;
			buildSettings = {
				ALWAYS_SEARCH_USER_PATHS = NO;
				CLANG_CXX_LANGUAGE_STANDARD = "gnu++0x";
				CLANG_CXX_LIBRARY = "libc++";
				CLANG_ENABLE_MODULES = YES;
				CLANG_ENABLE_OBJC_ARC = YES;
				CLANG_WARN_BOOL_CONVERSION = YES;
				CLANG_WARN_CONSTANT_CONVERSION = YES;
				CLANG_WARN_DIRECT_OBJC_ISA_USAGE = YES_ERROR;
				CLANG_WARN_EMPTY_BODY = YES;
				CLANG_WARN_ENUM_CONVERSION = YES;
				CLANG_WARN_INT_CONVERSION = YES;
				CLANG_WARN_OBJC_ROOT_CLASS = YES_ERROR;
				CLANG_WARN_UNREACHABLE_CODE = YES;
				CLANG_WARN__DUPLICATE_METHOD_MATCH = YES;
				"CODE_SIGN_IDENTITY[sdk=iphoneos*]" = "iPhone Developer";
				COPY_PHASE_STRIP = NO;
				DEBUG_INFORMATION_FORMAT = dwarf;
				ENABLE_STRICT_OBJC_MSGSEND = YES;
				ENABLE_TESTABILITY = YES;
				GCC_C_LANGUAGE_STANDARD = gnu99;
				GCC_DYNAMIC_NO_PIC = NO;
				GCC_NO_COMMON_BLOCKS = YES;
				GCC_OPTIMIZATION_LEVEL = 0;
				GCC_PREPROCESSOR_DEFINITIONS = (
					"DEBUG=1",
					"$(inherited)",
				);
				GCC_WARN_64_TO_32_BIT_CONVERSION = YES;
				GCC_WARN_ABOUT_RETURN_TYPE = YES_ERROR;
				GCC_WARN_UNDECLARED_SELECTOR = YES;
				GCC_WARN_UNINITIALIZED_AUTOS = YES_AGGRESSIVE;
				GCC_WARN_UNUSED_FUNCTION = YES;
				GCC_WARN_UNUSED_VARIABLE = YES;
				IPHONEOS_DEPLOYMENT_TARGET = 7.0;
				MTL_ENABLE_DEBUG_INFO = YES;
				ONLY_ACTIVE_ARCH = YES;
				SDKROOT = iphoneos;
			};
			name = Debug;
		};
		297F01F41C85F7080019B4E4 /* Release */ = {
			isa = XCBuildConfiguration;
			buildSettings = {
				ALWAYS_SEARCH_USER_PATHS = NO;
				CLANG_CXX_LANGUAGE_STANDARD = "gnu++0x";
				CLANG_CXX_LIBRARY = "libc++";
				CLANG_ENABLE_MODULES = YES;
				CLANG_ENABLE_OBJC_ARC = YES;
				CLANG_WARN_BOOL_CONVERSION = YES;
				CLANG_WARN_CONSTANT_CONVERSION = YES;
				CLANG_WARN_DIRECT_OBJC_ISA_USAGE = YES_ERROR;
				CLANG_WARN_EMPTY_BODY = YES;
				CLANG_WARN_ENUM_CONVERSION = YES;
				CLANG_WARN_INT_CONVERSION = YES;
				CLANG_WARN_OBJC_ROOT_CLASS = YES_ERROR;
				CLANG_WARN_UNREACHABLE_CODE = YES;
				CLANG_WARN__DUPLICATE_METHOD_MATCH = YES;
				"CODE_SIGN_IDENTITY[sdk=iphoneos*]" = "iPhone Developer";
				COPY_PHASE_STRIP = NO;
				DEBUG_INFORMATION_FORMAT = "dwarf-with-dsym";
				ENABLE_NS_ASSERTIONS = NO;
				ENABLE_STRICT_OBJC_MSGSEND = YES;
				GCC_C_LANGUAGE_STANDARD = gnu99;
				GCC_NO_COMMON_BLOCKS = YES;
				GCC_WARN_64_TO_32_BIT_CONVERSION = YES;
				GCC_WARN_ABOUT_RETURN_TYPE = YES_ERROR;
				GCC_WARN_UNDECLARED_SELECTOR = YES;
				GCC_WARN_UNINITIALIZED_AUTOS = YES_AGGRESSIVE;
				GCC_WARN_UNUSED_FUNCTION = YES;
				GCC_WARN_UNUSED_VARIABLE = YES;
				IPHONEOS_DEPLOYMENT_TARGET = 7.0;
				MTL_ENABLE_DEBUG_INFO = NO;
				SDKROOT = iphoneos;
				VALIDATE_PRODUCT = YES;
			};
			name = Release;
		};
		297F01F61C85F7080019B4E4 /* Debug */ = {
			isa = XCBuildConfiguration;
			buildSettings = {
				ASSETCATALOG_COMPILER_APPICON_NAME = AppIcon;
				ASSETCATALOG_COMPILER_LAUNCHIMAGE_NAME = LaunchImage;
				GCC_PRECOMPILE_PREFIX_HEADER = YES;
				GCC_PREFIX_HEADER = "$(SRCROOT)/StoryBoardDemo/DemoPrefixHeader.pch";
				INFOPLIST_FILE = StoryBoardDemo/Info.plist;
				LD_RUNPATH_SEARCH_PATHS = "$(inherited) @executable_path/Frameworks";
				PRODUCT_BUNDLE_IDENTIFIER = ShawnFoo.StoryBoardDemo;
				PRODUCT_NAME = "$(TARGET_NAME)";
			};
			name = Debug;
		};
		297F01F71C85F7080019B4E4 /* Release */ = {
			isa = XCBuildConfiguration;
			buildSettings = {
				ASSETCATALOG_COMPILER_APPICON_NAME = AppIcon;
				ASSETCATALOG_COMPILER_LAUNCHIMAGE_NAME = LaunchImage;
				GCC_PRECOMPILE_PREFIX_HEADER = YES;
				GCC_PREFIX_HEADER = "$(SRCROOT)/StoryBoardDemo/DemoPrefixHeader.pch";
				INFOPLIST_FILE = StoryBoardDemo/Info.plist;
				LD_RUNPATH_SEARCH_PATHS = "$(inherited) @executable_path/Frameworks";
				PRODUCT_BUNDLE_IDENTIFIER = ShawnFoo.StoryBoardDemo;
				PRODUCT_NAME = "$(TARGET_NAME)";
			};
			name = Release;
		};
/* End XCBuildConfiguration section */

/* Begin XCConfigurationList section */
		297F01D91C85F7080019B4E4 /* Build configuration list for PBXProject "StoryBoardDemo" */ = {
			isa = XCConfigurationList;
			buildConfigurations = (
				297F01F31C85F7080019B4E4 /* Debug */,
				297F01F41C85F7080019B4E4 /* Release */,
			);
			defaultConfigurationIsVisible = 0;
			defaultConfigurationName = Release;
		};
		297F01F51C85F7080019B4E4 /* Build configuration list for PBXNativeTarget "StoryBoardDemo" */ = {
			isa = XCConfigurationList;
			buildConfigurations = (
				297F01F61C85F7080019B4E4 /* Debug */,
				297F01F71C85F7080019B4E4 /* Release */,
			);
			defaultConfigurationIsVisible = 0;
			defaultConfigurationName = Release;
		};
/* End XCConfigurationList section */
	};
	rootObject = 297F01D61C85F7080019B4E4 /* Project object */;
}
